
Microsoft Visual Studio Solution File, Format Version 12.00
# Visual Studio Version 17
VisualStudioVersion = 17.5.002.0
MinimumVisualStudioVersion = 10.0.40219.1
Project("{9A19103F-16F7-4668-BE54-9A1E7A4F7556}") = "Example_34", "Example_34.csproj", "{1F93A689-3401-45CD-8A24-A7C84183270B}"
EndProject
Global
	GlobalSection(SolutionConfigurationPlatforms) = preSolution
		Debug|Any CPU = Debug|Any CPU
		Release|Any CPU = Release|Any CPU
	EndGlobalSection
	GlobalSection(ProjectConfigurationPlatforms) = postSolution
		{1F93A689-3401-45CD-8A24-A7C84183270B}.Debug|Any CPU.ActiveCfg = Debug|Any CPU
		{1F93A689-3401-45CD-8A24-A7C84183270B}.Debug|Any CPU.Build.0 = Debug|Any CPU
		{1F93A689-3401-45CD-8A24-A7C84183270B}.Release|Any CPU.ActiveCfg = Release|Any CPU
		{1F93A689-3401-45CD-8A24-A7C84183270B}.Release|Any CPU.Build.0 = Release|Any CPU
	EndGlobalSection
	GlobalSection(SolutionProperties) = preSolution
		HideSolutionNode = FALSE
	EndGlobalSection
	GlobalSection(ExtensibilityGlobals) = postSolution
		SolutionGuid = {67A74892-0EA9-4AA5-8307-7740174EA355}
	EndGlobalSection
EndGlobal
